PODS:
  - IQKeyboardManager (5.0.6)
  - Masonry (1.1.0)

DEPENDENCIES:
  - IQKeyboardManager
  - Masonry

SPEC CHECKSUMS:
  IQKeyboardManager: 077b7f691dfa9d69db9cff66f2bed68ebfc02d9b
  Masonry: 678fab65091a9290e40e2832a55e7ab731aad201

PODFILE CHECKSUM: dc735430b49e51391ec30050a0b3f718d29801b2

COCOAPODS: 1.4.0.beta.1
