// !$*UTF8*$!
{
	archiveVersion = 1;
	classes = {
	};
	objectVersion = 48;
	objects = {

/* Begin PBXBuildFile section */
		A72BA53A20C03898005073B9 /* UIView+controller.m in Sources */ = {isa = PBXBuildFile; fileRef = A72BA53820C03898005073B9 /* UIView+controller.m */; };
		A72BA53D20C0390B005073B9 /* MNCheakTools.m in Sources */ = {isa = PBXBuildFile; fileRef = A72BA53C20C0390B005073B9 /* MNCheakTools.m */; };
		A72BA54020C03919005073B9 /* Demo4ViewController.m in Sources */ = {isa = PBXBuildFile; fileRef = A72BA53F20C03919005073B9 /* Demo4ViewController.m */; };
		A72BA54C20C03C64005073B9 /* SVRadialGradientLayer.m in Sources */ = {isa = PBXBuildFile; fileRef = A72BA54220C03C64005073B9 /* SVRadialGradientLayer.m */; };
		A72BA54D20C03C64005073B9 /* SVProgressAnimatedView.m in Sources */ = {isa = PBXBuildFile; fileRef = A72BA54520C03C64005073B9 /* SVProgressAnimatedView.m */; };
		A72BA54E20C03C64005073B9 /* SVProgressHUD.m in Sources */ = {isa = PBXBuildFile; fileRef = A72BA54820C03C64005073B9 /* SVProgressHUD.m */; };
		A72BA54F20C03C64005073B9 /* SVIndefiniteAnimatedView.m in Sources */ = {isa = PBXBuildFile; fileRef = A72BA54920C03C64005073B9 /* SVIndefiniteAnimatedView.m */; };
		A72BA55020C03C64005073B9 /* SVProgressHUD.bundle in Resources */ = {isa = PBXBuildFile; fileRef = A72BA54A20C03C64005073B9 /* SVProgressHUD.bundle */; };
		A72BA55320C03D37005073B9 /* MNSVProgressClass.m in Sources */ = {isa = PBXBuildFile; fileRef = A72BA55220C03D37005073B9 /* MNSVProgressClass.m */; };
		A7A7379E20D002600049FEF1 /* UIView+MNFrame.m in Sources */ = {isa = PBXBuildFile; fileRef = A7A7379D20D002600049FEF1 /* UIView+MNFrame.m */; };
		A7A737A220D2563A0049FEF1 /* Demo5ViewController.m in Sources */ = {isa = PBXBuildFile; fileRef = A7A737A120D2563A0049FEF1 /* Demo5ViewController.m */; };
		A7D73EAA20BD937300BD0DC3 /* AppDelegate.m in Sources */ = {isa = PBXBuildFile; fileRef = A7D73EA920BD937300BD0DC3 /* AppDelegate.m */; };
		A7D73EAD20BD937300BD0DC3 /* ViewController.m in Sources */ = {isa = PBXBuildFile; fileRef = A7D73EAC20BD937300BD0DC3 /* ViewController.m */; };
		A7D73EB020BD937300BD0DC3 /* Main.storyboard in Resources */ = {isa = PBXBuildFile; fileRef = A7D73EAE20BD937300BD0DC3 /* Main.storyboard */; };
		A7D73EB220BD937400BD0DC3 /* Assets.xcassets in Resources */ = {isa = PBXBuildFile; fileRef = A7D73EB120BD937400BD0DC3 /* Assets.xcassets */; };
		A7D73EB520BD937400BD0DC3 /* LaunchScreen.storyboard in Resources */ = {isa = PBXBuildFile; fileRef = A7D73EB320BD937400BD0DC3 /* LaunchScreen.storyboard */; };
		A7D73EB820BD937400BD0DC3 /* main.m in Sources */ = {isa = PBXBuildFile; fileRef = A7D73EB720BD937400BD0DC3 /* main.m */; };
		A7D73EC320BD941700BD0DC3 /* MNButton.m in Sources */ = {isa = PBXBuildFile; fileRef = A7D73EC220BD941700BD0DC3 /* MNButton.m */; };
		A7D73EE020BD96F100BD0DC3 /* NSLayoutConstraint+MASDebugAdditions.m in Sources */ = {isa = PBXBuildFile; fileRef = A7D73EC720BD96F100BD0DC3 /* NSLayoutConstraint+MASDebugAdditions.m */; };
		A7D73EE120BD96F100BD0DC3 /* ViewController+MASAdditions.m in Sources */ = {isa = PBXBuildFile; fileRef = A7D73ED020BD96F100BD0DC3 /* ViewController+MASAdditions.m */; };
		A7D73EE220BD96F100BD0DC3 /* MASCompositeConstraint.m in Sources */ = {isa = PBXBuildFile; fileRef = A7D73ED420BD96F100BD0DC3 /* MASCompositeConstraint.m */; };
		A7D73EE320BD96F100BD0DC3 /* MASConstraintMaker.m in Sources */ = {isa = PBXBuildFile; fileRef = A7D73ED520BD96F100BD0DC3 /* MASConstraintMaker.m */; };
		A7D73EE420BD96F100BD0DC3 /* MASLayoutConstraint.m in Sources */ = {isa = PBXBuildFile; fileRef = A7D73ED620BD96F100BD0DC3 /* MASLayoutConstraint.m */; };
		A7D73EE520BD96F100BD0DC3 /* NSArray+MASAdditions.m in Sources */ = {isa = PBXBuildFile; fileRef = A7D73ED720BD96F100BD0DC3 /* NSArray+MASAdditions.m */; };
		A7D73EE620BD96F100BD0DC3 /* View+MASAdditions.m in Sources */ = {isa = PBXBuildFile; fileRef = A7D73ED820BD96F100BD0DC3 /* View+MASAdditions.m */; };
		A7D73EE720BD96F100BD0DC3 /* MASConstraint.m in Sources */ = {isa = PBXBuildFile; fileRef = A7D73EDB20BD96F100BD0DC3 /* MASConstraint.m */; };
		A7D73EE820BD96F100BD0DC3 /* MASViewConstraint.m in Sources */ = {isa = PBXBuildFile; fileRef = A7D73EDD20BD96F100BD0DC3 /* MASViewConstraint.m */; };
		A7D73EE920BD96F100BD0DC3 /* MASViewAttribute.m in Sources */ = {isa = PBXBuildFile; fileRef = A7D73EDE20BD96F100BD0DC3 /* MASViewAttribute.m */; };
		A7D73EEA20BD96F100BD0DC3 /* Info.plist in Resources */ = {isa = PBXBuildFile; fileRef = A7D73EDF20BD96F100BD0DC3 /* Info.plist */; };
		A7D73EEE20BD973900BD0DC3 /* Demo1ViewController.m in Sources */ = {isa = PBXBuildFile; fileRef = A7D73EED20BD973900BD0DC3 /* Demo1ViewController.m */; };
		A7D73EF120BED6AB00BD0DC3 /* Demo2ViewController.m in Sources */ = {isa = PBXBuildFile; fileRef = A7D73EF020BED6AB00BD0DC3 /* Demo2ViewController.m */; };
		A7D73EF420BED6DC00BD0DC3 /* MNLabel.m in Sources */ = {isa = PBXBuildFile; fileRef = A7D73EF320BED6DC00BD0DC3 /* MNLabel.m */; };
		A7D73EF720BED72800BD0DC3 /* UILabel+Utils.m in Sources */ = {isa = PBXBuildFile; fileRef = A7D73EF620BED72800BD0DC3 /* UILabel+Utils.m */; };
		A7D73EFA20C02F0D00BD0DC3 /* UIImage+Original.m in Sources */ = {isa = PBXBuildFile; fileRef = A7D73EF920C02F0D00BD0DC3 /* UIImage+Original.m */; };
		A7D73EFD20C02F7B00BD0DC3 /* Demo3ViewController.m in Sources */ = {isa = PBXBuildFile; fileRef = A7D73EFC20C02F7B00BD0DC3 /* Demo3ViewController.m */; };
/* End PBXBuildFile section */

/* Begin PBXFileReference section */
		A72BA53820C03898005073B9 /* UIView+controller.m */ = {isa = PBXFileReference; fileEncoding = 4; lastKnownFileType = sourcecode.c.objc; path = "UIView+controller.m"; sourceTree = "<group>"; };
		A72BA53920C03898005073B9 /* UIView+controller.h */ = {isa = PBXFileReference; fileEncoding = 4; lastKnownFileType = sourcecode.c.h; path = "UIView+controller.h"; sourceTree = "<group>"; };
		A72BA53B20C0390B005073B9 /* MNCheakTools.h */ = {isa = PBXFileReference; fileEncoding = 4; lastKnownFileType = sourcecode.c.h; path = MNCheakTools.h; sourceTree = "<group>"; };
		A72BA53C20C0390B005073B9 /* MNCheakTools.m */ = {isa = PBXFileReference; fileEncoding = 4; lastKnownFileType = sourcecode.c.objc; path = MNCheakTools.m; sourceTree = "<group>"; };
		A72BA53E20C03919005073B9 /* Demo4ViewController.h */ = {isa = PBXFileReference; lastKnownFileType = sourcecode.c.h; path = Demo4ViewController.h; sourceTree = "<group>"; };
		A72BA53F20C03919005073B9 /* Demo4ViewController.m */ = {isa = PBXFileReference; lastKnownFileType = sourcecode.c.objc; path = Demo4ViewController.m; sourceTree = "<group>"; };
		A72BA54220C03C64005073B9 /* SVRadialGradientLayer.m */ = {isa = PBXFileReference; fileEncoding = 4; lastKnownFileType = sourcecode.c.objc; path = SVRadialGradientLayer.m; sourceTree = "<group>"; };
		A72BA54320C03C64005073B9 /* SVIndefiniteAnimatedView.h */ = {isa = PBXFileReference; fileEncoding = 4; lastKnownFileType = sourcecode.c.h; path = SVIndefiniteAnimatedView.h; sourceTree = "<group>"; };
		A72BA54420C03C64005073B9 /* SVProgressHUD.h */ = {isa = PBXFileReference; fileEncoding = 4; lastKnownFileType = sourcecode.c.h; path = SVProgressHUD.h; sourceTree = "<group>"; };
		A72BA54520C03C64005073B9 /* SVProgressAnimatedView.m */ = {isa = PBXFileReference; fileEncoding = 4; lastKnownFileType = sourcecode.c.objc; path = SVProgressAnimatedView.m; sourceTree = "<group>"; };
		A72BA54620C03C64005073B9 /* SVProgressHUD-Prefix.pch */ = {isa = PBXFileReference; fileEncoding = 4; lastKnownFileType = sourcecode.c.h; path = "SVProgressHUD-Prefix.pch"; sourceTree = "<group>"; };
		A72BA54720C03C64005073B9 /* SVRadialGradientLayer.h */ = {isa = PBXFileReference; fileEncoding = 4; lastKnownFileType = sourcecode.c.h; path = SVRadialGradientLayer.h; sourceTree = "<group>"; };
		A72BA54820C03C64005073B9 /* SVProgressHUD.m */ = {isa = PBXFileReference; fileEncoding = 4; lastKnownFileType = sourcecode.c.objc; path = SVProgressHUD.m; sourceTree = "<group>"; };
		A72BA54920C03C64005073B9 /* SVIndefiniteAnimatedView.m */ = {isa = PBXFileReference; fileEncoding = 4; lastKnownFileType = sourcecode.c.objc; path = SVIndefiniteAnimatedView.m; sourceTree = "<group>"; };
		A72BA54A20C03C64005073B9 /* SVProgressHUD.bundle */ = {isa = PBXFileReference; lastKnownFileType = "wrapper.plug-in"; path = SVProgressHUD.bundle; sourceTree = "<group>"; };
		A72BA54B20C03C64005073B9 /* SVProgressAnimatedView.h */ = {isa = PBXFileReference; fileEncoding = 4; lastKnownFileType = sourcecode.c.h; path = SVProgressAnimatedView.h; sourceTree = "<group>"; };
		A72BA55120C03D36005073B9 /* MNSVProgressClass.h */ = {isa = PBXFileReference; fileEncoding = 4; lastKnownFileType = sourcecode.c.h; path = MNSVProgressClass.h; sourceTree = "<group>"; };
		A72BA55220C03D37005073B9 /* MNSVProgressClass.m */ = {isa = PBXFileReference; fileEncoding = 4; lastKnownFileType = sourcecode.c.objc; path = MNSVProgressClass.m; sourceTree = "<group>"; };
		A7A7379C20D002600049FEF1 /* UIView+MNFrame.h */ = {isa = PBXFileReference; lastKnownFileType = sourcecode.c.h; path = "UIView+MNFrame.h"; sourceTree = "<group>"; };
		A7A7379D20D002600049FEF1 /* UIView+MNFrame.m */ = {isa = PBXFileReference; lastKnownFileType = sourcecode.c.objc; path = "UIView+MNFrame.m"; sourceTree = "<group>"; };
		A7A7379F20D250F30049FEF1 /* MNKit.h */ = {isa = PBXFileReference; lastKnownFileType = sourcecode.c.h; path = MNKit.h; sourceTree = "<group>"; };
		A7A737A020D2563A0049FEF1 /* Demo5ViewController.h */ = {isa = PBXFileReference; lastKnownFileType = sourcecode.c.h; path = Demo5ViewController.h; sourceTree = "<group>"; };
		A7A737A120D2563A0049FEF1 /* Demo5ViewController.m */ = {isa = PBXFileReference; lastKnownFileType = sourcecode.c.objc; path = Demo5ViewController.m; sourceTree = "<group>"; };
		A7D73EA520BD937300BD0DC3 /* MNKitDemo.app */ = {isa = PBXFileReference; explicitFileType = wrapper.application; includeInIndex = 0; path = MNKitDemo.app; sourceTree = BUILT_PRODUCTS_DIR; };
		A7D73EA820BD937300BD0DC3 /* AppDelegate.h */ = {isa = PBXFileReference; lastKnownFileType = sourcecode.c.h; path = AppDelegate.h; sourceTree = "<group>"; };
		A7D73EA920BD937300BD0DC3 /* AppDelegate.m */ = {isa = PBXFileReference; lastKnownFileType = sourcecode.c.objc; path = AppDelegate.m; sourceTree = "<group>"; };
		A7D73EAB20BD937300BD0DC3 /* ViewController.h */ = {isa = PBXFileReference; lastKnownFileType = sourcecode.c.h; path = ViewController.h; sourceTree = "<group>"; };
		A7D73EAC20BD937300BD0DC3 /* ViewController.m */ = {isa = PBXFileReference; lastKnownFileType = sourcecode.c.objc; path = ViewController.m; sourceTree = "<group>"; };
		A7D73EAF20BD937300BD0DC3 /* Base */ = {isa = PBXFileReference; lastKnownFileType = file.storyboard; name = Base; path = Base.lproj/Main.storyboard; sourceTree = "<group>"; };
		A7D73EB120BD937400BD0DC3 /* Assets.xcassets */ = {isa = PBXFileReference; lastKnownFileType = folder.assetcatalog; path = Assets.xcassets; sourceTree = "<group>"; };
		A7D73EB420BD937400BD0DC3 /* Base */ = {isa = PBXFileReference; lastKnownFileType = file.storyboard; name = Base; path = Base.lproj/LaunchScreen.storyboard; sourceTree = "<group>"; };
		A7D73EB620BD937400BD0DC3 /* Info.plist */ = {isa = PBXFileReference; lastKnownFileType = text.plist.xml; path = Info.plist; sourceTree = "<group>"; };
		A7D73EB720BD937400BD0DC3 /* main.m */ = {isa = PBXFileReference; lastKnownFileType = sourcecode.c.objc; path = main.m; sourceTree = "<group>"; };
		A7D73EC120BD941700BD0DC3 /* MNButton.h */ = {isa = PBXFileReference; fileEncoding = 4; lastKnownFileType = sourcecode.c.h; path = MNButton.h; sourceTree = "<group>"; };
		A7D73EC220BD941700BD0DC3 /* MNButton.m */ = {isa = PBXFileReference; fileEncoding = 4; lastKnownFileType = sourcecode.c.objc; path = MNButton.m; sourceTree = "<group>"; };
		A7D73EC620BD96F100BD0DC3 /* MASCompositeConstraint.h */ = {isa = PBXFileReference; fileEncoding = 4; lastKnownFileType = sourcecode.c.h; path = MASCompositeConstraint.h; sourceTree = "<group>"; };
		A7D73EC720BD96F100BD0DC3 /* NSLayoutConstraint+MASDebugAdditions.m */ = {isa = PBXFileReference; fileEncoding = 4; lastKnownFileType = sourcecode.c.objc; path = "NSLayoutConstraint+MASDebugAdditions.m"; sourceTree = "<group>"; };
		A7D73EC820BD96F100BD0DC3 /* MASConstraint+Private.h */ = {isa = PBXFileReference; fileEncoding = 4; lastKnownFileType = sourcecode.c.h; path = "MASConstraint+Private.h"; sourceTree = "<group>"; };
		A7D73EC920BD96F100BD0DC3 /* MASLayoutConstraint.h */ = {isa = PBXFileReference; fileEncoding = 4; lastKnownFileType = sourcecode.c.h; path = MASLayoutConstraint.h; sourceTree = "<group>"; };
		A7D73ECA20BD96F100BD0DC3 /* NSArray+MASShorthandAdditions.h */ = {isa = PBXFileReference; fileEncoding = 4; lastKnownFileType = sourcecode.c.h; path = "NSArray+MASShorthandAdditions.h"; sourceTree = "<group>"; };
		A7D73ECB20BD96F100BD0DC3 /* MASConstraintMaker.h */ = {isa = PBXFileReference; fileEncoding = 4; lastKnownFileType = sourcecode.c.h; path = MASConstraintMaker.h; sourceTree = "<group>"; };
		A7D73ECC20BD96F100BD0DC3 /* View+MASAdditions.h */ = {isa = PBXFileReference; fileEncoding = 4; lastKnownFileType = sourcecode.c.h; path = "View+MASAdditions.h"; sourceTree = "<group>"; };
		A7D73ECD20BD96F100BD0DC3 /* NSArray+MASAdditions.h */ = {isa = PBXFileReference; fileEncoding = 4; lastKnownFileType = sourcecode.c.h; path = "NSArray+MASAdditions.h"; sourceTree = "<group>"; };
		A7D73ECE20BD96F100BD0DC3 /* MASUtilities.h */ = {isa = PBXFileReference; fileEncoding = 4; lastKnownFileType = sourcecode.c.h; path = MASUtilities.h; sourceTree = "<group>"; };
		A7D73ECF20BD96F100BD0DC3 /* MASViewAttribute.h */ = {isa = PBXFileReference; fileEncoding = 4; lastKnownFileType = sourcecode.c.h; path = MASViewAttribute.h; sourceTree = "<group>"; };
		A7D73ED020BD96F100BD0DC3 /* ViewController+MASAdditions.m */ = {isa = PBXFileReference; fileEncoding = 4; lastKnownFileType = sourcecode.c.objc; path = "ViewController+MASAdditions.m"; sourceTree = "<group>"; };
		A7D73ED120BD96F100BD0DC3 /* MASViewConstraint.h */ = {isa = PBXFileReference; fileEncoding = 4; lastKnownFileType = sourcecode.c.h; path = MASViewConstraint.h; sourceTree = "<group>"; };
		A7D73ED220BD96F100BD0DC3 /* MASConstraint.h */ = {isa = PBXFileReference; fileEncoding = 4; lastKnownFileType = sourcecode.c.h; path = MASConstraint.h; sourceTree = "<group>"; };
		A7D73ED320BD96F100BD0DC3 /* NSLayoutConstraint+MASDebugAdditions.h */ = {isa = PBXFileReference; fileEncoding = 4; lastKnownFileType = sourcecode.c.h; path = "NSLayoutConstraint+MASDebugAdditions.h"; sourceTree = "<group>"; };
		A7D73ED420BD96F100BD0DC3 /* MASCompositeConstraint.m */ = {isa = PBXFileReference; fileEncoding = 4; lastKnownFileType = sourcecode.c.objc; path = MASCompositeConstraint.m; sourceTree = "<group>"; };
		A7D73ED520BD96F100BD0DC3 /* MASConstraintMaker.m */ = {isa = PBXFileReference; fileEncoding = 4; lastKnownFileType = sourcecode.c.objc; path = MASConstraintMaker.m; sourceTree = "<group>"; };
		A7D73ED620BD96F100BD0DC3 /* MASLayoutConstraint.m */ = {isa = PBXFileReference; fileEncoding = 4; lastKnownFileType = sourcecode.c.objc; path = MASLayoutConstraint.m; sourceTree = "<group>"; };
		A7D73ED720BD96F100BD0DC3 /* NSArray+MASAdditions.m */ = {isa = PBXFileReference; fileEncoding = 4; lastKnownFileType = sourcecode.c.objc; path = "NSArray+MASAdditions.m"; sourceTree = "<group>"; };
		A7D73ED820BD96F100BD0DC3 /* View+MASAdditions.m */ = {isa = PBXFileReference; fileEncoding = 4; lastKnownFileType = sourcecode.c.objc; path = "View+MASAdditions.m"; sourceTree = "<group>"; };
		A7D73ED920BD96F100BD0DC3 /* View+MASShorthandAdditions.h */ = {isa = PBXFileReference; fileEncoding = 4; lastKnownFileType = sourcecode.c.h; path = "View+MASShorthandAdditions.h"; sourceTree = "<group>"; };
		A7D73EDA20BD96F100BD0DC3 /* Masonry.h */ = {isa = PBXFileReference; fileEncoding = 4; lastKnownFileType = sourcecode.c.h; path = Masonry.h; sourceTree = "<group>"; };
		A7D73EDB20BD96F100BD0DC3 /* MASConstraint.m */ = {isa = PBXFileReference; fileEncoding = 4; lastKnownFileType = sourcecode.c.objc; path = MASConstraint.m; sourceTree = "<group>"; };
		A7D73EDC20BD96F100BD0DC3 /* ViewController+MASAdditions.h */ = {isa = PBXFileReference; fileEncoding = 4; lastKnownFileType = sourcecode.c.h; path = "ViewController+MASAdditions.h"; sourceTree = "<group>"; };
		A7D73EDD20BD96F100BD0DC3 /* MASViewConstraint.m */ = {isa = PBXFileReference; fileEncoding = 4; lastKnownFileType = sourcecode.c.objc; path = MASViewConstraint.m; sourceTree = "<group>"; };
		A7D73EDE20BD96F100BD0DC3 /* MASViewAttribute.m */ = {isa = PBXFileReference; fileEncoding = 4; lastKnownFileType = sourcecode.c.objc; path = MASViewAttribute.m; sourceTree = "<group>"; };
		A7D73EDF20BD96F100BD0DC3 /* Info.plist */ = {isa = PBXFileReference; fileEncoding = 4; lastKnownFileType = text.plist.xml; path = Info.plist; sourceTree = "<group>"; };
		A7D73EEC20BD973900BD0DC3 /* Demo1ViewController.h */ = {isa = PBXFileReference; lastKnownFileType = sourcecode.c.h; path = Demo1ViewController.h; sourceTree = "<group>"; };
		A7D73EED20BD973900BD0DC3 /* Demo1ViewController.m */ = {isa = PBXFileReference; lastKnownFileType = sourcecode.c.objc; path = Demo1ViewController.m; sourceTree = "<group>"; };
		A7D73EEF20BED6AB00BD0DC3 /* Demo2ViewController.h */ = {isa = PBXFileReference; lastKnownFileType = sourcecode.c.h; path = Demo2ViewController.h; sourceTree = "<group>"; };
		A7D73EF020BED6AB00BD0DC3 /* Demo2ViewController.m */ = {isa = PBXFileReference; lastKnownFileType = sourcecode.c.objc; path = Demo2ViewController.m; sourceTree = "<group>"; };
		A7D73EF220BED6DC00BD0DC3 /* MNLabel.h */ = {isa = PBXFileReference; fileEncoding = 4; lastKnownFileType = sourcecode.c.h; path = MNLabel.h; sourceTree = "<group>"; };
		A7D73EF320BED6DC00BD0DC3 /* MNLabel.m */ = {isa = PBXFileReference; fileEncoding = 4; lastKnownFileType = sourcecode.c.objc; path = MNLabel.m; sourceTree = "<group>"; };
		A7D73EF520BED72800BD0DC3 /* UILabel+Utils.h */ = {isa = PBXFileReference; fileEncoding = 4; lastKnownFileType = sourcecode.c.h; path = "UILabel+Utils.h"; sourceTree = "<group>"; };
		A7D73EF620BED72800BD0DC3 /* UILabel+Utils.m */ = {isa = PBXFileReference; fileEncoding = 4; lastKnownFileType = sourcecode.c.objc; path = "UILabel+Utils.m"; sourceTree = "<group>"; };
		A7D73EF820C02F0D00BD0DC3 /* UIImage+Original.h */ = {isa = PBXFileReference; fileEncoding = 4; lastKnownFileType = sourcecode.c.h; path = "UIImage+Original.h"; sourceTree = "<group>"; };
		A7D73EF920C02F0D00BD0DC3 /* UIImage+Original.m */ = {isa = PBXFileReference; fileEncoding = 4; lastKnownFileType = sourcecode.c.objc; path = "UIImage+Original.m"; sourceTree = "<group>"; };
		A7D73EFB20C02F7B00BD0DC3 /* Demo3ViewController.h */ = {isa = PBXFileReference; lastKnownFileType = sourcecode.c.h; path = Demo3ViewController.h; sourceTree = "<group>"; };
		A7D73EFC20C02F7B00BD0DC3 /* Demo3ViewController.m */ = {isa = PBXFileReference; lastKnownFileType = sourcecode.c.objc; path = Demo3ViewController.m; sourceTree = "<group>"; };
/* End PBXFileReference section */

/* Begin PBXFrameworksBuildPhase section */
		A7D73EA220BD937300BD0DC3 /* Frameworks */ = {
			isa = PBXFrameworksBuildPhase;
			buildActionMask = 2147483647;
			files = (
			);
			runOnlyForDeploymentPostprocessing = 0;
		};
/* End PBXFrameworksBuildPhase section */

/* Begin PBXGroup section */
		A72BA54120C03C64005073B9 /* SVProgressHUD */ = {
			isa = PBXGroup;
			children = (
				A72BA54220C03C64005073B9 /* SVRadialGradientLayer.m */,
				A72BA54320C03C64005073B9 /* SVIndefiniteAnimatedView.h */,
				A72BA54420C03C64005073B9 /* SVProgressHUD.h */,
				A72BA54520C03C64005073B9 /* SVProgressAnimatedView.m */,
				A72BA54620C03C64005073B9 /* SVProgressHUD-Prefix.pch */,
				A72BA54720C03C64005073B9 /* SVRadialGradientLayer.h */,
				A72BA54820C03C64005073B9 /* SVProgressHUD.m */,
				A72BA54920C03C64005073B9 /* SVIndefiniteAnimatedView.m */,
				A72BA54A20C03C64005073B9 /* SVProgressHUD.bundle */,
				A72BA54B20C03C64005073B9 /* SVProgressAnimatedView.h */,
			);
			path = SVProgressHUD;
			sourceTree = "<group>";
		};
		A7D73E9C20BD937300BD0DC3 = {
			isa = PBXGroup;
			children = (
				A7D73EA720BD937300BD0DC3 /* MNKitDemo */,
				A7D73EA620BD937300BD0DC3 /* Products */,
			);
			sourceTree = "<group>";
		};
		A7D73EA620BD937300BD0DC3 /* Products */ = {
			isa = PBXGroup;
			children = (
				A7D73EA520BD937300BD0DC3 /* MNKitDemo.app */,
			);
			name = Products;
			sourceTree = "<group>";
		};
		A7D73EA720BD937300BD0DC3 /* MNKitDemo */ = {
			isa = PBXGroup;
			children = (
				A7D73EEB20BD971F00BD0DC3 /* DemoVC */,
				A7D73EC420BD96C200BD0DC3 /* 3rd */,
				A7D73EBE20BD938700BD0DC3 /* MNKit */,
				A7D73EA820BD937300BD0DC3 /* AppDelegate.h */,
				A7D73EA920BD937300BD0DC3 /* AppDelegate.m */,
				A7D73EAB20BD937300BD0DC3 /* ViewController.h */,
				A7D73EAC20BD937300BD0DC3 /* ViewController.m */,
				A7D73EAE20BD937300BD0DC3 /* Main.storyboard */,
				A7D73EB120BD937400BD0DC3 /* Assets.xcassets */,
				A7D73EB320BD937400BD0DC3 /* LaunchScreen.storyboard */,
				A7D73EB620BD937400BD0DC3 /* Info.plist */,
				A7D73EB720BD937400BD0DC3 /* main.m */,
			);
			path = MNKitDemo;
			sourceTree = "<group>";
		};
		A7D73EBE20BD938700BD0DC3 /* MNKit */ = {
			isa = PBXGroup;
			children = (
				A7D73EC020BD939B00BD0DC3 /* Foundation */,
				A7D73EBF20BD939B00BD0DC3 /* UIKit */,
				A7A7379F20D250F30049FEF1 /* MNKit.h */,
			);
			path = MNKit;
			sourceTree = "<group>";
		};
		A7D73EBF20BD939B00BD0DC3 /* UIKit */ = {
			isa = PBXGroup;
			children = (
				A72BA53920C03898005073B9 /* UIView+controller.h */,
				A72BA53820C03898005073B9 /* UIView+controller.m */,
				A7D73EF820C02F0D00BD0DC3 /* UIImage+Original.h */,
				A7D73EF920C02F0D00BD0DC3 /* UIImage+Original.m */,
				A7D73EF520BED72800BD0DC3 /* UILabel+Utils.h */,
				A7D73EF620BED72800BD0DC3 /* UILabel+Utils.m */,
				A7D73EF220BED6DC00BD0DC3 /* MNLabel.h */,
				A7D73EF320BED6DC00BD0DC3 /* MNLabel.m */,
				A7D73EC120BD941700BD0DC3 /* MNButton.h */,
				A7D73EC220BD941700BD0DC3 /* MNButton.m */,
				A7A7379C20D002600049FEF1 /* UIView+MNFrame.h */,
				A7A7379D20D002600049FEF1 /* UIView+MNFrame.m */,
			);
			path = UIKit;
			sourceTree = "<group>";
		};
		A7D73EC020BD939B00BD0DC3 /* Foundation */ = {
			isa = PBXGroup;
			children = (
				A72BA55120C03D36005073B9 /* MNSVProgressClass.h */,
				A72BA55220C03D37005073B9 /* MNSVProgressClass.m */,
				A72BA53B20C0390B005073B9 /* MNCheakTools.h */,
				A72BA53C20C0390B005073B9 /* MNCheakTools.m */,
			);
			path = Foundation;
			sourceTree = "<group>";
		};
		A7D73EC420BD96C200BD0DC3 /* 3rd */ = {
			isa = PBXGroup;
			children = (
				A72BA54120C03C64005073B9 /* SVProgressHUD */,
				A7D73EC520BD96F100BD0DC3 /* Masonry */,
			);
			path = 3rd;
			sourceTree = "<group>";
		};
		A7D73EC520BD96F100BD0DC3 /* Masonry */ = {
			isa = PBXGroup;
			children = (
				A7D73EC620BD96F100BD0DC3 /* MASCompositeConstraint.h */,
				A7D73EC720BD96F100BD0DC3 /* NSLayoutConstraint+MASDebugAdditions.m */,
				A7D73EC820BD96F100BD0DC3 /* MASConstraint+Private.h */,
				A7D73EC920BD96F100BD0DC3 /* MASLayoutConstraint.h */,
				A7D73ECA20BD96F100BD0DC3 /* NSArray+MASShorthandAdditions.h */,
				A7D73ECB20BD96F100BD0DC3 /* MASConstraintMaker.h */,
				A7D73ECC20BD96F100BD0DC3 /* View+MASAdditions.h */,
				A7D73ECD20BD96F100BD0DC3 /* NSArray+MASAdditions.h */,
				A7D73ECE20BD96F100BD0DC3 /* MASUtilities.h */,
				A7D73ECF20BD96F100BD0DC3 /* MASViewAttribute.h */,
				A7D73ED020BD96F100BD0DC3 /* ViewController+MASAdditions.m */,
				A7D73ED120BD96F100BD0DC3 /* MASViewConstraint.h */,
				A7D73ED220BD96F100BD0DC3 /* MASConstraint.h */,
				A7D73ED320BD96F100BD0DC3 /* NSLayoutConstraint+MASDebugAdditions.h */,
				A7D73ED420BD96F100BD0DC3 /* MASCompositeConstraint.m */,
				A7D73ED520BD96F100BD0DC3 /* MASConstraintMaker.m */,
				A7D73ED620BD96F100BD0DC3 /* MASLayoutConstraint.m */,
				A7D73ED720BD96F100BD0DC3 /* NSArray+MASAdditions.m */,
				A7D73ED820BD96F100BD0DC3 /* View+MASAdditions.m */,
				A7D73ED920BD96F100BD0DC3 /* View+MASShorthandAdditions.h */,
				A7D73EDA20BD96F100BD0DC3 /* Masonry.h */,
				A7D73EDB20BD96F100BD0DC3 /* MASConstraint.m */,
				A7D73EDC20BD96F100BD0DC3 /* ViewController+MASAdditions.h */,
				A7D73EDD20BD96F100BD0DC3 /* MASViewConstraint.m */,
				A7D73EDE20BD96F100BD0DC3 /* MASViewAttribute.m */,
				A7D73EDF20BD96F100BD0DC3 /* Info.plist */,
			);
			path = Masonry;
			sourceTree = "<group>";
		};
		A7D73EEB20BD971F00BD0DC3 /* DemoVC */ = {
			isa = PBXGroup;
			children = (
				A7D73EEC20BD973900BD0DC3 /* Demo1ViewController.h */,
				A7D73EED20BD973900BD0DC3 /* Demo1ViewController.m */,
				A7D73EEF20BED6AB00BD0DC3 /* Demo2ViewController.h */,
				A7D73EF020BED6AB00BD0DC3 /* Demo2ViewController.m */,
				A7D73EFB20C02F7B00BD0DC3 /* Demo3ViewController.h */,
				A7D73EFC20C02F7B00BD0DC3 /* Demo3ViewController.m */,
				A72BA53E20C03919005073B9 /* Demo4ViewController.h */,
				A72BA53F20C03919005073B9 /* Demo4ViewController.m */,
				A7A737A020D2563A0049FEF1 /* Demo5ViewController.h */,
				A7A737A120D2563A0049FEF1 /* Demo5ViewController.m */,
			);
			path = DemoVC;
			sourceTree = "<group>";
		};
/* End PBXGroup section */

/* Begin PBXNativeTarget section */
		A7D73EA420BD937300BD0DC3 /* MNKitDemo */ = {
			isa = PBXNativeTarget;
			buildConfigurationList = A7D73EBB20BD937400BD0DC3 /* Build configuration list for PBXNativeTarget "MNKitDemo" */;
			buildPhases = (
				A7D73EA120BD937300BD0DC3 /* Sources */,
				A7D73EA220BD937300BD0DC3 /* Frameworks */,
				A7D73EA320BD937300BD0DC3 /* Resources */,
			);
			buildRules = (
			);
			dependencies = (
			);
			name = MNKitDemo;
			productName = MNKitDemo;
			productReference = A7D73EA520BD937300BD0DC3 /* MNKitDemo.app */;
			productType = "com.apple.product-type.application";
		};
/* End PBXNativeTarget section */

/* Begin PBXProject section */
		A7D73E9D20BD937300BD0DC3 /* Project object */ = {
			isa = PBXProject;
			attributes = {
				LastUpgradeCheck = 0930;
				ORGANIZATIONNAME = "梁宇航";
				TargetAttributes = {
					A7D73EA420BD937300BD0DC3 = {
						CreatedOnToolsVersion = 9.3;
						ProvisioningStyle = Automatic;
					};
				};
			};
			buildConfigurationList = A7D73EA020BD937300BD0DC3 /* Build configuration list for PBXProject "MNKitDemo" */;
			compatibilityVersion = "Xcode 8.0";
			developmentRegion = en;
			hasScannedForEncodings = 0;
			knownRegions = (
				en,
				Base,
			);
			mainGroup = A7D73E9C20BD937300BD0DC3;
			productRefGroup = A7D73EA620BD937300BD0DC3 /* Products */;
			projectDirPath = "";
			projectRoot = "";
			targets = (
				A7D73EA420BD937300BD0DC3 /* MNKitDemo */,
			);
		};
/* End PBXProject section */

/* Begin PBXResourcesBuildPhase section */
		A7D73EA320BD937300BD0DC3 /* Resources */ = {
			isa = PBXResourcesBuildPhase;
			buildActionMask = 2147483647;
			files = (
				A72BA55020C03C64005073B9 /* SVProgressHUD.bundle in Resources */,
				A7D73EEA20BD96F100BD0DC3 /* Info.plist in Resources */,
				A7D73EB520BD937400BD0DC3 /* LaunchScreen.storyboard in Resources */,
				A7D73EB220BD937400BD0DC3 /* Assets.xcassets in Resources */,
				A7D73EB020BD937300BD0DC3 /* Main.storyboard in Resources */,
			);
			runOnlyForDeploymentPostprocessing = 0;
		};
/* End PBXResourcesBuildPhase section */

/* Begin PBXSourcesBuildPhase section */
		A7D73EA120BD937300BD0DC3 /* Sources */ = {
			isa = PBXSourcesBuildPhase;
			buildActionMask = 2147483647;
			files = (
				A7D73EF720BED72800BD0DC3 /* UILabel+Utils.m in Sources */,
				A72BA54D20C03C64005073B9 /* SVProgressAnimatedView.m in Sources */,
				A7D73EE820BD96F100BD0DC3 /* MASViewConstraint.m in Sources */,
				A7D73EE920BD96F100BD0DC3 /* MASViewAttribute.m in Sources */,
				A7D73EC320BD941700BD0DC3 /* MNButton.m in Sources */,
				A7D73EF420BED6DC00BD0DC3 /* MNLabel.m in Sources */,
				A7D73EAD20BD937300BD0DC3 /* ViewController.m in Sources */,
				A72BA53A20C03898005073B9 /* UIView+controller.m in Sources */,
				A7D73EE520BD96F100BD0DC3 /* NSArray+MASAdditions.m in Sources */,
				A72BA54E20C03C64005073B9 /* SVProgressHUD.m in Sources */,
				A7D73EE120BD96F100BD0DC3 /* ViewController+MASAdditions.m in Sources */,
				A7A737A220D2563A0049FEF1 /* Demo5ViewController.m in Sources */,
				A7D73EF120BED6AB00BD0DC3 /* Demo2ViewController.m in Sources */,
				A7D73EE220BD96F100BD0DC3 /* MASCompositeConstraint.m in Sources */,
				A7D73EEE20BD973900BD0DC3 /* Demo1ViewController.m in Sources */,
				A7D73EB820BD937400BD0DC3 /* main.m in Sources */,
				A72BA53D20C0390B005073B9 /* MNCheakTools.m in Sources */,
				A7D73EE620BD96F100BD0DC3 /* View+MASAdditions.m in Sources */,
				A72BA55320C03D37005073B9 /* MNSVProgressClass.m in Sources */,
				A7D73EE320BD96F100BD0DC3 /* MASConstraintMaker.m in Sources */,
				A7D73EE720BD96F100BD0DC3 /* MASConstraint.m in Sources */,
				A7D73EE020BD96F100BD0DC3 /* NSLayoutConstraint+MASDebugAdditions.m in Sources */,
				A72BA54F20C03C64005073B9 /* SVIndefiniteAnimatedView.m in Sources */,
				A7D73EFA20C02F0D00BD0DC3 /* UIImage+Original.m in Sources */,
				A72BA54C20C03C64005073B9 /* SVRadialGradientLayer.m in Sources */,
				A7A7379E20D002600049FEF1 /* UIView+MNFrame.m in Sources */,
				A7D73EE420BD96F100BD0DC3 /* MASLayoutConstraint.m in Sources */,
				A72BA54020C03919005073B9 /* Demo4ViewController.m in Sources */,
				A7D73EAA20BD937300BD0DC3 /* AppDelegate.m in Sources */,
				A7D73EFD20C02F7B00BD0DC3 /* Demo3ViewController.m in Sources */,
			);
			runOnlyForDeploymentPostprocessing = 0;
		};
/* End PBXSourcesBuildPhase section */

/* Begin PBXVariantGroup section */
		A7D73EAE20BD937300BD0DC3 /* Main.storyboard */ = {
			isa = PBXVariantGroup;
			children = (
				A7D73EAF20BD937300BD0DC3 /* Base */,
			);
			name = Main.storyboard;
			sourceTree = "<group>";
		};
		A7D73EB320BD937400BD0DC3 /* LaunchScreen.storyboard */ = {
			isa = PBXVariantGroup;
			children = (
				A7D73EB420BD937400BD0DC3 /* Base */,
			);
			name = LaunchScreen.storyboard;
			sourceTree = "<group>";
		};
/* End PBXVariantGroup section */

/* Begin XCBuildConfiguration section */
		A7D73EB920BD937400BD0DC3 /* Debug */ = {
			isa = XCBuildConfiguration;
			buildSettings = {
				ALWAYS_SEARCH_USER_PATHS = NO;
				CLANG_ANALYZER_NONNULL = YES;
				CLANG_ANALYZER_NUMBER_OBJECT_CONVERSION = YES_AGGRESSIVE;
				CLANG_CXX_LANGUAGE_STANDARD = "gnu++14";
				CLANG_CXX_LIBRARY = "libc++";
				CLANG_ENABLE_MODULES = YES;
				CLANG_ENABLE_OBJC_ARC = YES;
				CLANG_ENABLE_OBJC_WEAK = YES;
				CLANG_WARN_BLOCK_CAPTURE_AUTORELEASING = YES;
				CLANG_WARN_BOOL_CONVERSION = YES;
				CLANG_WARN_COMMA = YES;
				CLANG_WARN_CONSTANT_CONVERSION = YES;
				CLANG_WARN_DEPRECATED_OBJC_IMPLEMENTATIONS = YES;
				CLANG_WARN_DIRECT_OBJC_ISA_USAGE = YES_ERROR;
				CLANG_WARN_DOCUMENTATION_COMMENTS = YES;
				CLANG_WARN_EMPTY_BODY = YES;
				CLANG_WARN_ENUM_CONVERSION = YES;
				CLANG_WARN_INFINITE_RECURSION = YES;
				CLANG_WARN_INT_CONVERSION = YES;
				CLANG_WARN_NON_LITERAL_NULL_CONVERSION = YES;
				CLANG_WARN_OBJC_IMPLICIT_RETAIN_SELF = YES;
				CLANG_WARN_OBJC_LITERAL_CONVERSION = YES;
				CLANG_WARN_OBJC_ROOT_CLASS = YES_ERROR;
				CLANG_WARN_RANGE_LOOP_ANALYSIS = YES;
				CLANG_WARN_STRICT_PROTOTYPES = YES;
				CLANG_WARN_SUSPICIOUS_MOVE = YES;
				CLANG_WARN_UNGUARDED_AVAILABILITY = YES_AGGRESSIVE;
				CLANG_WARN_UNREACHABLE_CODE = YES;
				CLANG_WARN__DUPLICATE_METHOD_MATCH = YES;
				CODE_SIGN_IDENTITY = "iPhone Developer";
				COPY_PHASE_STRIP = NO;
				DEBUG_INFORMATION_FORMAT = dwarf;
				ENABLE_STRICT_OBJC_MSGSEND = YES;
				ENABLE_TESTABILITY = YES;
				GCC_C_LANGUAGE_STANDARD = gnu11;
				GCC_DYNAMIC_NO_PIC = NO;
				GCC_NO_COMMON_BLOCKS = YES;
				GCC_OPTIMIZATION_LEVEL = 0;
				GCC_PREPROCESSOR_DEFINITIONS = (
					"DEBUG=1",
					"$(inherited)",
				);
				GCC_WARN_64_TO_32_BIT_CONVERSION = YES;
				GCC_WARN_ABOUT_RETURN_TYPE = YES_ERROR;
				GCC_WARN_UNDECLARED_SELECTOR = YES;
				GCC_WARN_UNINITIALIZED_AUTOS = YES_AGGRESSIVE;
				GCC_WARN_UNUSED_FUNCTION = YES;
				GCC_WARN_UNUSED_VARIABLE = YES;
				IPHONEOS_DEPLOYMENT_TARGET = 11.3;
				MTL_ENABLE_DEBUG_INFO = YES;
				ONLY_ACTIVE_ARCH = YES;
				SDKROOT = iphoneos;
			};
			name = Debug;
		};
		A7D73EBA20BD937400BD0DC3 /* Release */ = {
			isa = XCBuildConfiguration;
			buildSettings = {
				ALWAYS_SEARCH_USER_PATHS = NO;
				CLANG_ANALYZER_NONNULL = YES;
				CLANG_ANALYZER_NUMBER_OBJECT_CONVERSION = YES_AGGRESSIVE;
				CLANG_CXX_LANGUAGE_STANDARD = "gnu++14";
				CLANG_CXX_LIBRARY = "libc++";
				CLANG_ENABLE_MODULES = YES;
				CLANG_ENABLE_OBJC_ARC = YES;
				CLANG_ENABLE_OBJC_WEAK = YES;
				CLANG_WARN_BLOCK_CAPTURE_AUTORELEASING = YES;
				CLANG_WARN_BOOL_CONVERSION = YES;
				CLANG_WARN_COMMA = YES;
				CLANG_WARN_CONSTANT_CONVERSION = YES;
				CLANG_WARN_DEPRECATED_OBJC_IMPLEMENTATIONS = YES;
				CLANG_WARN_DIRECT_OBJC_ISA_USAGE = YES_ERROR;
				CLANG_WARN_DOCUMENTATION_COMMENTS = YES;
				CLANG_WARN_EMPTY_BODY = YES;
				CLANG_WARN_ENUM_CONVERSION = YES;
				CLANG_WARN_INFINITE_RECURSION = YES;
				CLANG_WARN_INT_CONVERSION = YES;
				CLANG_WARN_NON_LITERAL_NULL_CONVERSION = YES;
				CLANG_WARN_OBJC_IMPLICIT_RETAIN_SELF = YES;
				CLANG_WARN_OBJC_LITERAL_CONVERSION = YES;
				CLANG_WARN_OBJC_ROOT_CLASS = YES_ERROR;
				CLANG_WARN_RANGE_LOOP_ANALYSIS = YES;
				CLANG_WARN_STRICT_PROTOTYPES = YES;
				CLANG_WARN_SUSPICIOUS_MOVE = YES;
				CLANG_WARN_UNGUARDED_AVAILABILITY = YES_AGGRESSIVE;
				CLANG_WARN_UNREACHABLE_CODE = YES;
				CLANG_WARN__DUPLICATE_METHOD_MATCH = YES;
				CODE_SIGN_IDENTITY = "iPhone Developer";
				COPY_PHASE_STRIP = NO;
				DEBUG_INFORMATION_FORMAT = "dwarf-with-dsym";
				ENABLE_NS_ASSERTIONS = NO;
				ENABLE_STRICT_OBJC_MSGSEND = YES;
				GCC_C_LANGUAGE_STANDARD = gnu11;
				GCC_NO_COMMON_BLOCKS = YES;
				GCC_WARN_64_TO_32_BIT_CONVERSION = YES;
				GCC_WARN_ABOUT_RETURN_TYPE = YES_ERROR;
				GCC_WARN_UNDECLARED_SELECTOR = YES;
				GCC_WARN_UNINITIALIZED_AUTOS = YES_AGGRESSIVE;
				GCC_WARN_UNUSED_FUNCTION = YES;
				GCC_WARN_UNUSED_VARIABLE = YES;
				IPHONEOS_DEPLOYMENT_TARGET = 11.3;
				MTL_ENABLE_DEBUG_INFO = NO;
				SDKROOT = iphoneos;
				VALIDATE_PRODUCT = YES;
			};
			name = Release;
		};
		A7D73EBC20BD937400BD0DC3 /* Debug */ = {
			isa = XCBuildConfiguration;
			buildSettings = {
				ASSETCATALOG_COMPILER_APPICON_NAME = AppIcon;
				CODE_SIGN_IDENTITY = "iPhone Developer";
				CODE_SIGN_STYLE = Automatic;
				DEVELOPMENT_TEAM = YB959EVT9H;
				INFOPLIST_FILE = MNKitDemo/Info.plist;
				IPHONEOS_DEPLOYMENT_TARGET = 9.0;
				LD_RUNPATH_SEARCH_PATHS = "$(inherited) @executable_path/Frameworks";
				PRODUCT_BUNDLE_IDENTIFIER = com.MNKitDemo;
				PRODUCT_NAME = "$(TARGET_NAME)";
				PROVISIONING_PROFILE_SPECIFIER = "";
				TARGETED_DEVICE_FAMILY = 1;
			};
			name = Debug;
		};
		A7D73EBD20BD937400BD0DC3 /* Release */ = {
			isa = XCBuildConfiguration;
			buildSettings = {
				ASSETCATALOG_COMPILER_APPICON_NAME = AppIcon;
				CODE_SIGN_IDENTITY = "iPhone Developer";
				CODE_SIGN_STYLE = Automatic;
				DEVELOPMENT_TEAM = YB959EVT9H;
				INFOPLIST_FILE = MNKitDemo/Info.plist;
				IPHONEOS_DEPLOYMENT_TARGET = 9.0;
				LD_RUNPATH_SEARCH_PATHS = "$(inherited) @executable_path/Frameworks";
				PRODUCT_BUNDLE_IDENTIFIER = com.MNKitDemo;
				PRODUCT_NAME = "$(TARGET_NAME)";
				PROVISIONING_PROFILE_SPECIFIER = "";
				TARGETED_DEVICE_FAMILY = 1;
			};
			name = Release;
		};
/* End XCBuildConfiguration section */

/* Begin XCConfigurationList section */
		A7D73EA020BD937300BD0DC3 /* Build configuration list for PBXProject "MNKitDemo" */ = {
			isa = XCConfigurationList;
			buildConfigurations = (
				A7D73EB920BD937400BD0DC3 /* Debug */,
				A7D73EBA20BD937400BD0DC3 /* Release */,
			);
			defaultConfigurationIsVisible = 0;
			defaultConfigurationName = Release;
		};
		A7D73EBB20BD937400BD0DC3 /* Build configuration list for PBXNativeTarget "MNKitDemo" */ = {
			isa = XCConfigurationList;
			buildConfigurations = (
				A7D73EBC20BD937400BD0DC3 /* Debug */,
				A7D73EBD20BD937400BD0DC3 /* Release */,
			);
			defaultConfigurationIsVisible = 0;
			defaultConfigurationName = Release;
		};
/* End XCConfigurationList section */
	};
	rootObject = A7D73E9D20BD937300BD0DC3 /* Project object */;
}
