// !$*UTF8*$!
{
	archiveVersion = 1;
	classes = {
	};
	objectVersion = 48;
	objects = {

/* Begin PBXBuildFile section */
		142AD3242064FA0D0035A41F /* AppDelegate.m in Sources */ = {isa = PBXBuildFile; fileRef = 142AD3232064FA0D0035A41F /* AppDelegate.m */; };
		142AD3272064FA0D0035A41F /* ViewController.m in Sources */ = {isa = PBXBuildFile; fileRef = 142AD3262064FA0D0035A41F /* ViewController.m */; };
		142AD32A2064FA0E0035A41F /* Main.storyboard in Resources */ = {isa = PBXBuildFile; fileRef = 142AD3282064FA0E0035A41F /* Main.storyboard */; };
		142AD32C2064FA0E0035A41F /* Assets.xcassets in Resources */ = {isa = PBXBuildFile; fileRef = 142AD32B2064FA0E0035A41F /* Assets.xcassets */; };
		142AD32F2064FA0E0035A41F /* LaunchScreen.storyboard in Resources */ = {isa = PBXBuildFile; fileRef = 142AD32D2064FA0E0035A41F /* LaunchScreen.storyboard */; };
		142AD3322064FA0E0035A41F /* main.m in Sources */ = {isa = PBXBuildFile; fileRef = 142AD3312064FA0E0035A41F /* main.m */; };
		142AD33A2064FAA20035A41F /* HZRootTableViewCell.m in Sources */ = {isa = PBXBuildFile; fileRef = 142AD3382064FAA20035A41F /* HZRootTableViewCell.m */; };
		142AD34820650ACD0035A41F /* CMAddCustomerController.m in Sources */ = {isa = PBXBuildFile; fileRef = 142AD33E20650ACC0035A41F /* CMAddCustomerController.m */; };
		142AD34920650ACD0035A41F /* CMAddCustomDatas.m in Sources */ = {isa = PBXBuildFile; fileRef = 142AD34220650ACC0035A41F /* CMAddCustomDatas.m */; };
		142AD34A20650ACD0035A41F /* CMAddCustomerCell.m in Sources */ = {isa = PBXBuildFile; fileRef = 142AD34520650ACC0035A41F /* CMAddCustomerCell.m */; };
		142AD34B20650ACD0035A41F /* CMAddressCell.m in Sources */ = {isa = PBXBuildFile; fileRef = 142AD34720650ACC0035A41F /* CMAddressCell.m */; };
		142AD34E20650AE90035A41F /* LFbasicCellModel.m in Sources */ = {isa = PBXBuildFile; fileRef = 142AD34C20650AE90035A41F /* LFbasicCellModel.m */; };
		142AD35120650AFD0035A41F /* MNBaseViewController.m in Sources */ = {isa = PBXBuildFile; fileRef = 142AD35020650AFC0035A41F /* MNBaseViewController.m */; };
		142AD35420650B4B0035A41F /* YZInputView.m in Sources */ = {isa = PBXBuildFile; fileRef = 142AD35220650B4B0035A41F /* YZInputView.m */; };
		142AD35720650B6A0035A41F /* CMConst.m in Sources */ = {isa = PBXBuildFile; fileRef = 142AD35520650B6A0035A41F /* CMConst.m */; };
		142AD35A20650B880035A41F /* LFLabel.m in Sources */ = {isa = PBXBuildFile; fileRef = 142AD35820650B870035A41F /* LFLabel.m */; };
		142AD35D20650BA90035A41F /* HZCommonColor.m in Sources */ = {isa = PBXBuildFile; fileRef = 142AD35B20650BA80035A41F /* HZCommonColor.m */; };
		142AD36020650BC30035A41F /* UIColor+Hex.m in Sources */ = {isa = PBXBuildFile; fileRef = 142AD35E20650BC30035A41F /* UIColor+Hex.m */; };
		142AD36320650BE30035A41F /* HZCommonFont.m in Sources */ = {isa = PBXBuildFile; fileRef = 142AD36220650BE30035A41F /* HZCommonFont.m */; };
		142AD36620650C860035A41F /* UILabel+Utils.m in Sources */ = {isa = PBXBuildFile; fileRef = 142AD36420650C850035A41F /* UILabel+Utils.m */; };
		142AD36920650E990035A41F /* LFSimpleRightCell.m in Sources */ = {isa = PBXBuildFile; fileRef = 142AD36720650E980035A41F /* LFSimpleRightCell.m */; };
		142AD37120650EAC0035A41F /* BXTextField.m in Sources */ = {isa = PBXBuildFile; fileRef = 142AD36C20650EAC0035A41F /* BXTextField.m */; };
		142AD37220650EAC0035A41F /* UITextField+BXExtension.m in Sources */ = {isa = PBXBuildFile; fileRef = 142AD36E20650EAC0035A41F /* UITextField+BXExtension.m */; };
		142AD37320650EAC0035A41F /* UIView+BXExtension.m in Sources */ = {isa = PBXBuildFile; fileRef = 142AD37020650EAC0035A41F /* UIView+BXExtension.m */; };
		6B081EF0CA80E0B9F121E4EE /* libPods-TestCellDemo.a in Frameworks */ = {isa = PBXBuildFile; fileRef = D889B08890A3BE125286CBB6 /* libPods-TestCellDemo.a */; };
/* End PBXBuildFile section */

/* Begin PBXFileReference section */
		142AD31F2064FA0D0035A41F /* TestCellDemo.app */ = {isa = PBXFileReference; explicitFileType = wrapper.application; includeInIndex = 0; path = TestCellDemo.app; sourceTree = BUILT_PRODUCTS_DIR; };
		142AD3222064FA0D0035A41F /* AppDelegate.h */ = {isa = PBXFileReference; lastKnownFileType = sourcecode.c.h; path = AppDelegate.h; sourceTree = "<group>"; };
		142AD3232064FA0D0035A41F /* AppDelegate.m */ = {isa = PBXFileReference; lastKnownFileType = sourcecode.c.objc; path = AppDelegate.m; sourceTree = "<group>"; };
		142AD3252064FA0D0035A41F /* ViewController.h */ = {isa = PBXFileReference; lastKnownFileType = sourcecode.c.h; path = ViewController.h; sourceTree = "<group>"; };
		142AD3262064FA0D0035A41F /* ViewController.m */ = {isa = PBXFileReference; lastKnownFileType = sourcecode.c.objc; path = ViewController.m; sourceTree = "<group>"; };
		142AD3292064FA0E0035A41F /* Base */ = {isa = PBXFileReference; lastKnownFileType = file.storyboard; name = Base; path = Base.lproj/Main.storyboard; sourceTree = "<group>"; };
		142AD32B2064FA0E0035A41F /* Assets.xcassets */ = {isa = PBXFileReference; lastKnownFileType = folder.assetcatalog; path = Assets.xcassets; sourceTree = "<group>"; };
		142AD32E2064FA0E0035A41F /* Base */ = {isa = PBXFileReference; lastKnownFileType = file.storyboard; name = Base; path = Base.lproj/LaunchScreen.storyboard; sourceTree = "<group>"; };
		142AD3302064FA0E0035A41F /* Info.plist */ = {isa = PBXFileReference; lastKnownFileType = text.plist.xml; path = Info.plist; sourceTree = "<group>"; };
		142AD3312064FA0E0035A41F /* main.m */ = {isa = PBXFileReference; lastKnownFileType = sourcecode.c.objc; path = main.m; sourceTree = "<group>"; };
		142AD3382064FAA20035A41F /* HZRootTableViewCell.m */ = {isa = PBXFileReference; fileEncoding = 4; lastKnownFileType = sourcecode.c.objc; path = HZRootTableViewCell.m; sourceTree = "<group>"; };
		142AD3392064FAA20035A41F /* HZRootTableViewCell.h */ = {isa = PBXFileReference; fileEncoding = 4; lastKnownFileType = sourcecode.c.h; path = HZRootTableViewCell.h; sourceTree = "<group>"; };
		142AD33D20650ACC0035A41F /* CMAddCustomerController.h */ = {isa = PBXFileReference; fileEncoding = 4; lastKnownFileType = sourcecode.c.h; path = CMAddCustomerController.h; sourceTree = "<group>"; };
		142AD33E20650ACC0035A41F /* CMAddCustomerController.m */ = {isa = PBXFileReference; fileEncoding = 4; lastKnownFileType = sourcecode.c.objc; path = CMAddCustomerController.m; sourceTree = "<group>"; };
		142AD34120650ACC0035A41F /* CMAddCustomDatas.h */ = {isa = PBXFileReference; fileEncoding = 4; lastKnownFileType = sourcecode.c.h; path = CMAddCustomDatas.h; sourceTree = "<group>"; };
		142AD34220650ACC0035A41F /* CMAddCustomDatas.m */ = {isa = PBXFileReference; fileEncoding = 4; lastKnownFileType = sourcecode.c.objc; path = CMAddCustomDatas.m; sourceTree = "<group>"; };
		142AD34420650ACC0035A41F /* CMAddCustomerCell.h */ = {isa = PBXFileReference; fileEncoding = 4; lastKnownFileType = sourcecode.c.h; path = CMAddCustomerCell.h; sourceTree = "<group>"; };
		142AD34520650ACC0035A41F /* CMAddCustomerCell.m */ = {isa = PBXFileReference; fileEncoding = 4; lastKnownFileType = sourcecode.c.objc; path = CMAddCustomerCell.m; sourceTree = "<group>"; };
		142AD34620650ACC0035A41F /* CMAddressCell.h */ = {isa = PBXFileReference; fileEncoding = 4; lastKnownFileType = sourcecode.c.h; path = CMAddressCell.h; sourceTree = "<group>"; };
		142AD34720650ACC0035A41F /* CMAddressCell.m */ = {isa = PBXFileReference; fileEncoding = 4; lastKnownFileType = sourcecode.c.objc; path = CMAddressCell.m; sourceTree = "<group>"; };
		142AD34C20650AE90035A41F /* LFbasicCellModel.m */ = {isa = PBXFileReference; fileEncoding = 4; lastKnownFileType = sourcecode.c.objc; path = LFbasicCellModel.m; sourceTree = "<group>"; };
		142AD34D20650AE90035A41F /* LFbasicCellModel.h */ = {isa = PBXFileReference; fileEncoding = 4; lastKnownFileType = sourcecode.c.h; path = LFbasicCellModel.h; sourceTree = "<group>"; };
		142AD34F20650AFC0035A41F /* MNBaseViewController.h */ = {isa = PBXFileReference; fileEncoding = 4; lastKnownFileType = sourcecode.c.h; path = MNBaseViewController.h; sourceTree = "<group>"; };
		142AD35020650AFC0035A41F /* MNBaseViewController.m */ = {isa = PBXFileReference; fileEncoding = 4; lastKnownFileType = sourcecode.c.objc; path = MNBaseViewController.m; sourceTree = "<group>"; };
		142AD35220650B4B0035A41F /* YZInputView.m */ = {isa = PBXFileReference; fileEncoding = 4; lastKnownFileType = sourcecode.c.objc; path = YZInputView.m; sourceTree = "<group>"; };
		142AD35320650B4B0035A41F /* YZInputView.h */ = {isa = PBXFileReference; fileEncoding = 4; lastKnownFileType = sourcecode.c.h; path = YZInputView.h; sourceTree = "<group>"; };
		142AD35520650B6A0035A41F /* CMConst.m */ = {isa = PBXFileReference; fileEncoding = 4; lastKnownFileType = sourcecode.c.objc; path = CMConst.m; sourceTree = "<group>"; };
		142AD35620650B6A0035A41F /* CMConst.h */ = {isa = PBXFileReference; fileEncoding = 4; lastKnownFileType = sourcecode.c.h; path = CMConst.h; sourceTree = "<group>"; };
		142AD35820650B870035A41F /* LFLabel.m */ = {isa = PBXFileReference; fileEncoding = 4; lastKnownFileType = sourcecode.c.objc; path = LFLabel.m; sourceTree = "<group>"; };
		142AD35920650B870035A41F /* LFLabel.h */ = {isa = PBXFileReference; fileEncoding = 4; lastKnownFileType = sourcecode.c.h; path = LFLabel.h; sourceTree = "<group>"; };
		142AD35B20650BA80035A41F /* HZCommonColor.m */ = {isa = PBXFileReference; fileEncoding = 4; lastKnownFileType = sourcecode.c.objc; path = HZCommonColor.m; sourceTree = "<group>"; };
		142AD35C20650BA90035A41F /* HZCommonColor.h */ = {isa = PBXFileReference; fileEncoding = 4; lastKnownFileType = sourcecode.c.h; path = HZCommonColor.h; sourceTree = "<group>"; };
		142AD35E20650BC30035A41F /* UIColor+Hex.m */ = {isa = PBXFileReference; fileEncoding = 4; lastKnownFileType = sourcecode.c.objc; path = "UIColor+Hex.m"; sourceTree = "<group>"; };
		142AD35F20650BC30035A41F /* UIColor+Hex.h */ = {isa = PBXFileReference; fileEncoding = 4; lastKnownFileType = sourcecode.c.h; path = "UIColor+Hex.h"; sourceTree = "<group>"; };
		142AD36120650BE30035A41F /* HZCommonFont.h */ = {isa = PBXFileReference; fileEncoding = 4; lastKnownFileType = sourcecode.c.h; path = HZCommonFont.h; sourceTree = "<group>"; };
		142AD36220650BE30035A41F /* HZCommonFont.m */ = {isa = PBXFileReference; fileEncoding = 4; lastKnownFileType = sourcecode.c.objc; path = HZCommonFont.m; sourceTree = "<group>"; };
		142AD36420650C850035A41F /* UILabel+Utils.m */ = {isa = PBXFileReference; fileEncoding = 4; lastKnownFileType = sourcecode.c.objc; path = "UILabel+Utils.m"; sourceTree = "<group>"; };
		142AD36520650C860035A41F /* UILabel+Utils.h */ = {isa = PBXFileReference; fileEncoding = 4; lastKnownFileType = sourcecode.c.h; path = "UILabel+Utils.h"; sourceTree = "<group>"; };
		142AD36720650E980035A41F /* LFSimpleRightCell.m */ = {isa = PBXFileReference; fileEncoding = 4; lastKnownFileType = sourcecode.c.objc; path = LFSimpleRightCell.m; sourceTree = "<group>"; };
		142AD36820650E990035A41F /* LFSimpleRightCell.h */ = {isa = PBXFileReference; fileEncoding = 4; lastKnownFileType = sourcecode.c.h; path = LFSimpleRightCell.h; sourceTree = "<group>"; };
		142AD36B20650EAC0035A41F /* BXTextField.h */ = {isa = PBXFileReference; fileEncoding = 4; lastKnownFileType = sourcecode.c.h; path = BXTextField.h; sourceTree = "<group>"; };
		142AD36C20650EAC0035A41F /* BXTextField.m */ = {isa = PBXFileReference; fileEncoding = 4; lastKnownFileType = sourcecode.c.objc; path = BXTextField.m; sourceTree = "<group>"; };
		142AD36D20650EAC0035A41F /* UITextField+BXExtension.h */ = {isa = PBXFileReference; fileEncoding = 4; lastKnownFileType = sourcecode.c.h; path = "UITextField+BXExtension.h"; sourceTree = "<group>"; };
		142AD36E20650EAC0035A41F /* UITextField+BXExtension.m */ = {isa = PBXFileReference; fileEncoding = 4; lastKnownFileType = sourcecode.c.objc; path = "UITextField+BXExtension.m"; sourceTree = "<group>"; };
		142AD36F20650EAC0035A41F /* UIView+BXExtension.h */ = {isa = PBXFileReference; fileEncoding = 4; lastKnownFileType = sourcecode.c.h; path = "UIView+BXExtension.h"; sourceTree = "<group>"; };
		142AD37020650EAC0035A41F /* UIView+BXExtension.m */ = {isa = PBXFileReference; fileEncoding = 4; lastKnownFileType = sourcecode.c.objc; path = "UIView+BXExtension.m"; sourceTree = "<group>"; };
		42ADD3EC3AE75022DE6B0738 /* Pods-TestCellDemo.debug.xcconfig */ = {isa = PBXFileReference; includeInIndex = 1; lastKnownFileType = text.xcconfig; name = "Pods-TestCellDemo.debug.xcconfig"; path = "Pods/Target Support Files/Pods-TestCellDemo/Pods-TestCellDemo.debug.xcconfig"; sourceTree = "<group>"; };
		BD247B10261FA94F945B00F6 /* Pods-TestCellDemo.release.xcconfig */ = {isa = PBXFileReference; includeInIndex = 1; lastKnownFileType = text.xcconfig; name = "Pods-TestCellDemo.release.xcconfig"; path = "Pods/Target Support Files/Pods-TestCellDemo/Pods-TestCellDemo.release.xcconfig"; sourceTree = "<group>"; };
		D889B08890A3BE125286CBB6 /* libPods-TestCellDemo.a */ = {isa = PBXFileReference; explicitFileType = archive.ar; includeInIndex = 0; path = "libPods-TestCellDemo.a"; sourceTree = BUILT_PRODUCTS_DIR; };
/* End PBXFileReference section */

/* Begin PBXFrameworksBuildPhase section */
		142AD31C2064FA0D0035A41F /* Frameworks */ = {
			isa = PBXFrameworksBuildPhase;
			buildActionMask = 2147483647;
			files = (
				6B081EF0CA80E0B9F121E4EE /* libPods-TestCellDemo.a in Frameworks */,
			);
			runOnlyForDeploymentPostprocessing = 0;
		};
/* End PBXFrameworksBuildPhase section */

/* Begin PBXGroup section */
		142AD3162064FA0D0035A41F = {
			isa = PBXGroup;
			children = (
				142AD3212064FA0D0035A41F /* TestCellDemo */,
				142AD3202064FA0D0035A41F /* Products */,
				52130A232E18B4B77AD09AF4 /* Pods */,
				50BCB134BC33A4ACA8FB2289 /* Frameworks */,
			);
			sourceTree = "<group>";
		};
		142AD3202064FA0D0035A41F /* Products */ = {
			isa = PBXGroup;
			children = (
				142AD31F2064FA0D0035A41F /* TestCellDemo.app */,
			);
			name = Products;
			sourceTree = "<group>";
		};
		142AD3212064FA0D0035A41F /* TestCellDemo */ = {
			isa = PBXGroup;
			children = (
				142AD36A20650EAC0035A41F /* JYJKeyBoard */,
				142AD36820650E990035A41F /* LFSimpleRightCell.h */,
				142AD36720650E980035A41F /* LFSimpleRightCell.m */,
				142AD36520650C860035A41F /* UILabel+Utils.h */,
				142AD36420650C850035A41F /* UILabel+Utils.m */,
				142AD36120650BE30035A41F /* HZCommonFont.h */,
				142AD36220650BE30035A41F /* HZCommonFont.m */,
				142AD35F20650BC30035A41F /* UIColor+Hex.h */,
				142AD35E20650BC30035A41F /* UIColor+Hex.m */,
				142AD35C20650BA90035A41F /* HZCommonColor.h */,
				142AD35B20650BA80035A41F /* HZCommonColor.m */,
				142AD35920650B870035A41F /* LFLabel.h */,
				142AD35820650B870035A41F /* LFLabel.m */,
				142AD35620650B6A0035A41F /* CMConst.h */,
				142AD35520650B6A0035A41F /* CMConst.m */,
				142AD35320650B4B0035A41F /* YZInputView.h */,
				142AD35220650B4B0035A41F /* YZInputView.m */,
				142AD34F20650AFC0035A41F /* MNBaseViewController.h */,
				142AD35020650AFC0035A41F /* MNBaseViewController.m */,
				142AD34D20650AE90035A41F /* LFbasicCellModel.h */,
				142AD34C20650AE90035A41F /* LFbasicCellModel.m */,
				142AD33B20650ACC0035A41F /* 添加客户 */,
				142AD3392064FAA20035A41F /* HZRootTableViewCell.h */,
				142AD3382064FAA20035A41F /* HZRootTableViewCell.m */,
				142AD3222064FA0D0035A41F /* AppDelegate.h */,
				142AD3232064FA0D0035A41F /* AppDelegate.m */,
				142AD3252064FA0D0035A41F /* ViewController.h */,
				142AD3262064FA0D0035A41F /* ViewController.m */,
				142AD3282064FA0E0035A41F /* Main.storyboard */,
				142AD32B2064FA0E0035A41F /* Assets.xcassets */,
				142AD32D2064FA0E0035A41F /* LaunchScreen.storyboard */,
				142AD3302064FA0E0035A41F /* Info.plist */,
				142AD3312064FA0E0035A41F /* main.m */,
			);
			path = TestCellDemo;
			sourceTree = "<group>";
		};
		142AD33B20650ACC0035A41F /* 添加客户 */ = {
			isa = PBXGroup;
			children = (
				142AD33C20650ACC0035A41F /* Controller */,
				142AD33F20650ACC0035A41F /* Model */,
				142AD34020650ACC0035A41F /* Resource */,
				142AD34320650ACC0035A41F /* View */,
			);
			path = "添加客户";
			sourceTree = "<group>";
		};
		142AD33C20650ACC0035A41F /* Controller */ = {
			isa = PBXGroup;
			children = (
				142AD33D20650ACC0035A41F /* CMAddCustomerController.h */,
				142AD33E20650ACC0035A41F /* CMAddCustomerController.m */,
			);
			path = Controller;
			sourceTree = "<group>";
		};
		142AD33F20650ACC0035A41F /* Model */ = {
			isa = PBXGroup;
			children = (
			);
			path = Model;
			sourceTree = "<group>";
		};
		142AD34020650ACC0035A41F /* Resource */ = {
			isa = PBXGroup;
			children = (
				142AD34120650ACC0035A41F /* CMAddCustomDatas.h */,
				142AD34220650ACC0035A41F /* CMAddCustomDatas.m */,
			);
			path = Resource;
			sourceTree = "<group>";
		};
		142AD34320650ACC0035A41F /* View */ = {
			isa = PBXGroup;
			children = (
				142AD34420650ACC0035A41F /* CMAddCustomerCell.h */,
				142AD34520650ACC0035A41F /* CMAddCustomerCell.m */,
				142AD34620650ACC0035A41F /* CMAddressCell.h */,
				142AD34720650ACC0035A41F /* CMAddressCell.m */,
			);
			path = View;
			sourceTree = "<group>";
		};
		142AD36A20650EAC0035A41F /* JYJKeyBoard */ = {
			isa = PBXGroup;
			children = (
				142AD36B20650EAC0035A41F /* BXTextField.h */,
				142AD36C20650EAC0035A41F /* BXTextField.m */,
				142AD36D20650EAC0035A41F /* UITextField+BXExtension.h */,
				142AD36E20650EAC0035A41F /* UITextField+BXExtension.m */,
				142AD36F20650EAC0035A41F /* UIView+BXExtension.h */,
				142AD37020650EAC0035A41F /* UIView+BXExtension.m */,
			);
			path = JYJKeyBoard;
			sourceTree = "<group>";
		};
		50BCB134BC33A4ACA8FB2289 /* Frameworks */ = {
			isa = PBXGroup;
			children = (
				D889B08890A3BE125286CBB6 /* libPods-TestCellDemo.a */,
			);
			name = Frameworks;
			sourceTree = "<group>";
		};
		52130A232E18B4B77AD09AF4 /* Pods */ = {
			isa = PBXGroup;
			children = (
				42ADD3EC3AE75022DE6B0738 /* Pods-TestCellDemo.debug.xcconfig */,
				BD247B10261FA94F945B00F6 /* Pods-TestCellDemo.release.xcconfig */,
			);
			name = Pods;
			sourceTree = "<group>";
		};
/* End PBXGroup section */

/* Begin PBXNativeTarget section */
		142AD31E2064FA0D0035A41F /* TestCellDemo */ = {
			isa = PBXNativeTarget;
			buildConfigurationList = 142AD3352064FA0E0035A41F /* Build configuration list for PBXNativeTarget "TestCellDemo" */;
			buildPhases = (
				78F53847F555F2495A9B01CC /* [CP] Check Pods Manifest.lock */,
				142AD31B2064FA0D0035A41F /* Sources */,
				142AD31C2064FA0D0035A41F /* Frameworks */,
				142AD31D2064FA0D0035A41F /* Resources */,
				B1C7045BFC3C2B8000B11946 /* [CP] Embed Pods Frameworks */,
				1102C135E1DB360B16104A37 /* [CP] Copy Pods Resources */,
			);
			buildRules = (
			);
			dependencies = (
			);
			name = TestCellDemo;
			productName = TestCellDemo;
			productReference = 142AD31F2064FA0D0035A41F /* TestCellDemo.app */;
			productType = "com.apple.product-type.application";
		};
/* End PBXNativeTarget section */

/* Begin PBXProject section */
		142AD3172064FA0D0035A41F /* Project object */ = {
			isa = PBXProject;
			attributes = {
				LastUpgradeCheck = 0920;
				ORGANIZATIONNAME = xmhccf;
				TargetAttributes = {
					142AD31E2064FA0D0035A41F = {
						CreatedOnToolsVersion = 9.2;
						ProvisioningStyle = Automatic;
					};
				};
			};
			buildConfigurationList = 142AD31A2064FA0D0035A41F /* Build configuration list for PBXProject "TestCellDemo" */;
			compatibilityVersion = "Xcode 8.0";
			developmentRegion = en;
			hasScannedForEncodings = 0;
			knownRegions = (
				en,
				Base,
			);
			mainGroup = 142AD3162064FA0D0035A41F;
			productRefGroup = 142AD3202064FA0D0035A41F /* Products */;
			projectDirPath = "";
			projectRoot = "";
			targets = (
				142AD31E2064FA0D0035A41F /* TestCellDemo */,
			);
		};
/* End PBXProject section */

/* Begin PBXResourcesBuildPhase section */
		142AD31D2064FA0D0035A41F /* Resources */ = {
			isa = PBXResourcesBuildPhase;
			buildActionMask = 2147483647;
			files = (
				142AD32F2064FA0E0035A41F /* LaunchScreen.storyboard in Resources */,
				142AD32C2064FA0E0035A41F /* Assets.xcassets in Resources */,
				142AD32A2064FA0E0035A41F /* Main.storyboard in Resources */,
			);
			runOnlyForDeploymentPostprocessing = 0;
		};
/* End PBXResourcesBuildPhase section */

/* Begin PBXShellScriptBuildPhase section */
		1102C135E1DB360B16104A37 /* [CP] Copy Pods Resources */ = {
			isa = PBXShellScriptBuildPhase;
			buildActionMask = 2147483647;
			files = (
			);
			inputPaths = (
				"${SRCROOT}/Pods/Target Support Files/Pods-TestCellDemo/Pods-TestCellDemo-resources.sh",
				"${PODS_ROOT}/IQKeyboardManager/IQKeyboardManager/Resources/IQKeyboardManager.bundle",
			);
			name = "[CP] Copy Pods Resources";
			outputPaths = (
				"${TARGET_BUILD_DIR}/${UNLOCALIZED_RESOURCES_FOLDER_PATH}",
			);
			runOnlyForDeploymentPostprocessing = 0;
			shellPath = /bin/sh;
			shellScript = "\"${SRCROOT}/Pods/Target Support Files/Pods-TestCellDemo/Pods-TestCellDemo-resources.sh\"\n";
			showEnvVarsInLog = 0;
		};
		78F53847F555F2495A9B01CC /* [CP] Check Pods Manifest.lock */ = {
			isa = PBXShellScriptBuildPhase;
			buildActionMask = 2147483647;
			files = (
			);
			inputPaths = (
				"${PODS_PODFILE_DIR_PATH}/Podfile.lock",
				"${PODS_ROOT}/Manifest.lock",
			);
			name = "[CP] Check Pods Manifest.lock";
			outputPaths = (
				"$(DERIVED_FILE_DIR)/Pods-TestCellDemo-checkManifestLockResult.txt",
			);
			runOnlyForDeploymentPostprocessing = 0;
			shellPath = /bin/sh;
			shellScript = "diff \"${PODS_PODFILE_DIR_PATH}/Podfile.lock\" \"${PODS_ROOT}/Manifest.lock\" > /dev/null\nif [ $? != 0 ] ; then\n    # print error to STDERR\n    echo \"error: The sandbox is not in sync with the Podfile.lock. Run 'pod install' or update your CocoaPods installation.\" >&2\n    exit 1\nfi\n# This output is used by Xcode 'outputs' to avoid re-running this script phase.\necho \"SUCCESS\" > \"${SCRIPT_OUTPUT_FILE_0}\"\n";
			showEnvVarsInLog = 0;
		};
		B1C7045BFC3C2B8000B11946 /* [CP] Embed Pods Frameworks */ = {
			isa = PBXShellScriptBuildPhase;
			buildActionMask = 2147483647;
			files = (
			);
			inputPaths = (
			);
			name = "[CP] Embed Pods Frameworks";
			outputPaths = (
			);
			runOnlyForDeploymentPostprocessing = 0;
			shellPath = /bin/sh;
			shellScript = "\"${SRCROOT}/Pods/Target Support Files/Pods-TestCellDemo/Pods-TestCellDemo-frameworks.sh\"\n";
			showEnvVarsInLog = 0;
		};
/* End PBXShellScriptBuildPhase section */

/* Begin PBXSourcesBuildPhase section */
		142AD31B2064FA0D0035A41F /* Sources */ = {
			isa = PBXSourcesBuildPhase;
			buildActionMask = 2147483647;
			files = (
				142AD34B20650ACD0035A41F /* CMAddressCell.m in Sources */,
				142AD36020650BC30035A41F /* UIColor+Hex.m in Sources */,
				142AD3272064FA0D0035A41F /* ViewController.m in Sources */,
				142AD35120650AFD0035A41F /* MNBaseViewController.m in Sources */,
				142AD35A20650B880035A41F /* LFLabel.m in Sources */,
				142AD37220650EAC0035A41F /* UITextField+BXExtension.m in Sources */,
				142AD37120650EAC0035A41F /* BXTextField.m in Sources */,
				142AD33A2064FAA20035A41F /* HZRootTableViewCell.m in Sources */,
				142AD34E20650AE90035A41F /* LFbasicCellModel.m in Sources */,
				142AD3322064FA0E0035A41F /* main.m in Sources */,
				142AD36920650E990035A41F /* LFSimpleRightCell.m in Sources */,
				142AD37320650EAC0035A41F /* UIView+BXExtension.m in Sources */,
				142AD34820650ACD0035A41F /* CMAddCustomerController.m in Sources */,
				142AD34A20650ACD0035A41F /* CMAddCustomerCell.m in Sources */,
				142AD35420650B4B0035A41F /* YZInputView.m in Sources */,
				142AD36320650BE30035A41F /* HZCommonFont.m in Sources */,
				142AD36620650C860035A41F /* UILabel+Utils.m in Sources */,
				142AD34920650ACD0035A41F /* CMAddCustomDatas.m in Sources */,
				142AD3242064FA0D0035A41F /* AppDelegate.m in Sources */,
				142AD35D20650BA90035A41F /* HZCommonColor.m in Sources */,
				142AD35720650B6A0035A41F /* CMConst.m in Sources */,
			);
			runOnlyForDeploymentPostprocessing = 0;
		};
/* End PBXSourcesBuildPhase section */

/* Begin PBXVariantGroup section */
		142AD3282064FA0E0035A41F /* Main.storyboard */ = {
			isa = PBXVariantGroup;
			children = (
				142AD3292064FA0E0035A41F /* Base */,
			);
			name = Main.storyboard;
			sourceTree = "<group>";
		};
		142AD32D2064FA0E0035A41F /* LaunchScreen.storyboard */ = {
			isa = PBXVariantGroup;
			children = (
				142AD32E2064FA0E0035A41F /* Base */,
			);
			name = LaunchScreen.storyboard;
			sourceTree = "<group>";
		};
/* End PBXVariantGroup section */

/* Begin XCBuildConfiguration section */
		142AD3332064FA0E0035A41F /* Debug */ = {
			isa = XCBuildConfiguration;
			buildSettings = {
				ALWAYS_SEARCH_USER_PATHS = NO;
				CLANG_ANALYZER_NONNULL = YES;
				CLANG_ANALYZER_NUMBER_OBJECT_CONVERSION = YES_AGGRESSIVE;
				CLANG_CXX_LANGUAGE_STANDARD = "gnu++14";
				CLANG_CXX_LIBRARY = "libc++";
				CLANG_ENABLE_MODULES = YES;
				CLANG_ENABLE_OBJC_ARC = YES;
				CLANG_WARN_BLOCK_CAPTURE_AUTORELEASING = YES;
				CLANG_WARN_BOOL_CONVERSION = YES;
				CLANG_WARN_COMMA = YES;
				CLANG_WARN_CONSTANT_CONVERSION = YES;
				CLANG_WARN_DIRECT_OBJC_ISA_USAGE = YES_ERROR;
				CLANG_WARN_DOCUMENTATION_COMMENTS = YES;
				CLANG_WARN_EMPTY_BODY = YES;
				CLANG_WARN_ENUM_CONVERSION = YES;
				CLANG_WARN_INFINITE_RECURSION = YES;
				CLANG_WARN_INT_CONVERSION = YES;
				CLANG_WARN_NON_LITERAL_NULL_CONVERSION = YES;
				CLANG_WARN_OBJC_LITERAL_CONVERSION = YES;
				CLANG_WARN_OBJC_ROOT_CLASS = YES_ERROR;
				CLANG_WARN_RANGE_LOOP_ANALYSIS = YES;
				CLANG_WARN_STRICT_PROTOTYPES = YES;
				CLANG_WARN_SUSPICIOUS_MOVE = YES;
				CLANG_WARN_UNGUARDED_AVAILABILITY = YES_AGGRESSIVE;
				CLANG_WARN_UNREACHABLE_CODE = YES;
				CLANG_WARN__DUPLICATE_METHOD_MATCH = YES;
				CODE_SIGN_IDENTITY = "iPhone Developer";
				COPY_PHASE_STRIP = NO;
				DEBUG_INFORMATION_FORMAT = dwarf;
				ENABLE_STRICT_OBJC_MSGSEND = YES;
				ENABLE_TESTABILITY = YES;
				GCC_C_LANGUAGE_STANDARD = gnu11;
				GCC_DYNAMIC_NO_PIC = NO;
				GCC_NO_COMMON_BLOCKS = YES;
				GCC_OPTIMIZATION_LEVEL = 0;
				GCC_PREPROCESSOR_DEFINITIONS = (
					"DEBUG=1",
					"$(inherited)",
				);
				GCC_WARN_64_TO_32_BIT_CONVERSION = YES;
				GCC_WARN_ABOUT_RETURN_TYPE = YES_ERROR;
				GCC_WARN_UNDECLARED_SELECTOR = YES;
				GCC_WARN_UNINITIALIZED_AUTOS = YES_AGGRESSIVE;
				GCC_WARN_UNUSED_FUNCTION = YES;
				GCC_WARN_UNUSED_VARIABLE = YES;
				IPHONEOS_DEPLOYMENT_TARGET = 11.2;
				MTL_ENABLE_DEBUG_INFO = YES;
				ONLY_ACTIVE_ARCH = YES;
				SDKROOT = iphoneos;
			};
			name = Debug;
		};
		142AD3342064FA0E0035A41F /* Release */ = {
			isa = XCBuildConfiguration;
			buildSettings = {
				ALWAYS_SEARCH_USER_PATHS = NO;
				CLANG_ANALYZER_NONNULL = YES;
				CLANG_ANALYZER_NUMBER_OBJECT_CONVERSION = YES_AGGRESSIVE;
				CLANG_CXX_LANGUAGE_STANDARD = "gnu++14";
				CLANG_CXX_LIBRARY = "libc++";
				CLANG_ENABLE_MODULES = YES;
				CLANG_ENABLE_OBJC_ARC = YES;
				CLANG_WARN_BLOCK_CAPTURE_AUTORELEASING = YES;
				CLANG_WARN_BOOL_CONVERSION = YES;
				CLANG_WARN_COMMA = YES;
				CLANG_WARN_CONSTANT_CONVERSION = YES;
				CLANG_WARN_DIRECT_OBJC_ISA_USAGE = YES_ERROR;
				CLANG_WARN_DOCUMENTATION_COMMENTS = YES;
				CLANG_WARN_EMPTY_BODY = YES;
				CLANG_WARN_ENUM_CONVERSION = YES;
				CLANG_WARN_INFINITE_RECURSION = YES;
				CLANG_WARN_INT_CONVERSION = YES;
				CLANG_WARN_NON_LITERAL_NULL_CONVERSION = YES;
				CLANG_WARN_OBJC_LITERAL_CONVERSION = YES;
				CLANG_WARN_OBJC_ROOT_CLASS = YES_ERROR;
				CLANG_WARN_RANGE_LOOP_ANALYSIS = YES;
				CLANG_WARN_STRICT_PROTOTYPES = YES;
				CLANG_WARN_SUSPICIOUS_MOVE = YES;
				CLANG_WARN_UNGUARDED_AVAILABILITY = YES_AGGRESSIVE;
				CLANG_WARN_UNREACHABLE_CODE = YES;
				CLANG_WARN__DUPLICATE_METHOD_MATCH = YES;
				CODE_SIGN_IDENTITY = "iPhone Developer";
				COPY_PHASE_STRIP = NO;
				DEBUG_INFORMATION_FORMAT = "dwarf-with-dsym";
				ENABLE_NS_ASSERTIONS = NO;
				ENABLE_STRICT_OBJC_MSGSEND = YES;
				GCC_C_LANGUAGE_STANDARD = gnu11;
				GCC_NO_COMMON_BLOCKS = YES;
				GCC_WARN_64_TO_32_BIT_CONVERSION = YES;
				GCC_WARN_ABOUT_RETURN_TYPE = YES_ERROR;
				GCC_WARN_UNDECLARED_SELECTOR = YES;
				GCC_WARN_UNINITIALIZED_AUTOS = YES_AGGRESSIVE;
				GCC_WARN_UNUSED_FUNCTION = YES;
				GCC_WARN_UNUSED_VARIABLE = YES;
				IPHONEOS_DEPLOYMENT_TARGET = 11.2;
				MTL_ENABLE_DEBUG_INFO = NO;
				SDKROOT = iphoneos;
				VALIDATE_PRODUCT = YES;
			};
			name = Release;
		};
		142AD3362064FA0E0035A41F /* Debug */ = {
			isa = XCBuildConfiguration;
			baseConfigurationReference = 42ADD3EC3AE75022DE6B0738 /* Pods-TestCellDemo.debug.xcconfig */;
			buildSettings = {
				ASSETCATALOG_COMPILER_APPICON_NAME = AppIcon;
				CODE_SIGN_STYLE = Automatic;
				INFOPLIST_FILE = TestCellDemo/Info.plist;
				LD_RUNPATH_SEARCH_PATHS = "$(inherited) @executable_path/Frameworks";
				PRODUCT_BUNDLE_IDENTIFIER = xmhccf.TestCellDemo;
				PRODUCT_NAME = "$(TARGET_NAME)";
				TARGETED_DEVICE_FAMILY = "1,2";
			};
			name = Debug;
		};
		142AD3372064FA0E0035A41F /* Release */ = {
			isa = XCBuildConfiguration;
			baseConfigurationReference = BD247B10261FA94F945B00F6 /* Pods-TestCellDemo.release.xcconfig */;
			buildSettings = {
				ASSETCATALOG_COMPILER_APPICON_NAME = AppIcon;
				CODE_SIGN_STYLE = Automatic;
				INFOPLIST_FILE = TestCellDemo/Info.plist;
				LD_RUNPATH_SEARCH_PATHS = "$(inherited) @executable_path/Frameworks";
				PRODUCT_BUNDLE_IDENTIFIER = xmhccf.TestCellDemo;
				PRODUCT_NAME = "$(TARGET_NAME)";
				TARGETED_DEVICE_FAMILY = "1,2";
			};
			name = Release;
		};
/* End XCBuildConfiguration section */

/* Begin XCConfigurationList section */
		142AD31A2064FA0D0035A41F /* Build configuration list for PBXProject "TestCellDemo" */ = {
			isa = XCConfigurationList;
			buildConfigurations = (
				142AD3332064FA0E0035A41F /* Debug */,
				142AD3342064FA0E0035A41F /* Release */,
			);
			defaultConfigurationIsVisible = 0;
			defaultConfigurationName = Release;
		};
		142AD3352064FA0E0035A41F /* Build configuration list for PBXNativeTarget "TestCellDemo" */ = {
			isa = XCConfigurationList;
			buildConfigurations = (
				142AD3362064FA0E0035A41F /* Debug */,
				142AD3372064FA0E0035A41F /* Release */,
			);
			defaultConfigurationIsVisible = 0;
			defaultConfigurationName = Release;
		};
/* End XCConfigurationList section */
	};
	rootObject = 142AD3172064FA0D0035A41F /* Project object */;
}
